
Microsoft Visual Studio Solution File, Format Version 12.00
# Visual Studio Version 17
VisualStudioVersion = 17.3.32922.545
MinimumVisualStudioVersion = 10.0.40219.1
Project("{FAE04EC0-301F-11D3-BF4B-00C04F79EFBC}") = "Lab2", "Lab2\Lab2.csproj", "{C8629298-FABB-421F-A717-5D507C8CEB14}"
EndProject
Global
	GlobalSection(SolutionConfigurationPlatforms) = preSolution
		Debug|Any CPU = Debug|Any CPU
		Release|Any CPU = Release|Any CPU
	EndGlobalSection
	GlobalSection(ProjectConfigurationPlatforms) = postSolution
		{C8629298-FABB-421F-A717-5D507C8CEB14}.Debug|Any CPU.ActiveCfg = Debug|Any CPU
		{C8629298-FABB-421F-A717-5D507C8CEB14}.Debug|Any CPU.Build.0 = Debug|Any CPU
		{C8629298-FABB-421F-A717-5D507C8CEB14}.Release|Any CPU.ActiveCfg = Release|Any CPU
		{C8629298-FABB-421F-A717-5D507C8CEB14}.Release|Any CPU.Build.0 = Release|Any CPU
	EndGlobalSection
	GlobalSection(SolutionProperties) = preSolution
		HideSolutionNode = FALSE
	EndGlobalSection
	GlobalSection(ExtensibilityGlobals) = postSolution
		SolutionGuid = {C594E826-FE23-468C-8885-8B18709D916D}
	EndGlobalSection
EndGlobal
